
Microsoft Visual Studio Solution File, Format Version 12.00
# Visual Studio Version 17
VisualStudioVersion = 17.12.35527.113
MinimumVisualStudioVersion = 10.0.40219.1
Project("{FAE04EC0-301F-11D3-BF4B-00C04F79EFBC}") = "practice", "practice\practice.csproj", "{6512BF4C-087A-47B1-B1C0-A5589E44662D}"
EndProject
Project("{FAE04EC0-301F-11D3-BF4B-00C04F79EFBC}") = "practice2(string_and_array)", "practice2(string_and_array)\practice2(string_and_array).csproj", "{52960BFB-885E-4E1C-A9FE-74DB6E48DBC1}"
EndProject
Project("{FAE04EC0-301F-11D3-BF4B-00C04F79EFBC}") = "practice3(string)", "practice3(string)\practice3(string).csproj", "{A08FB6BE-E162-4DBD-808D-6B7182EF8638}"
EndProject
Project("{2150E333-8FDC-42A3-9474-1A3956D46DE8}") = "Solution Items", "Solution Items", "{3988912B-8141-4169-A5AF-0DD4E9E4FD5A}"
	ProjectSection(SolutionItems) = preProject
		README.md = README.md
		..\..\..\Documents\Visual Studio 2022\Templates\ProjectTemplates\userinput_GUI.zip = ..\..\..\Documents\Visual Studio 2022\Templates\ProjectTemplates\userinput_GUI.zip
	EndProjectSection
EndProject
Project("{FAE04EC0-301F-11D3-BF4B-00C04F79EFBC}") = "practice4(function)", "practice4(function)\practice4(function).csproj", "{0BA8898C-B3FF-45FF-BDE4-688850591342}"
EndProject
Project("{FAE04EC0-301F-11D3-BF4B-00C04F79EFBC}") = "practice5(if)", "practice5(if)\practice5(if).csproj", "{F7B852EC-42D0-42FC-B26A-3634C509746C}"
EndProject
Project("{FAE04EC0-301F-11D3-BF4B-00C04F79EFBC}") = "userinput_GUI", "userinput_GUI\userinput_GUI.csproj", "{C064343D-8BFA-43C8-A671-9F56DBE4511E}"
EndProject
Project("{FAE04EC0-301F-11D3-BF4B-00C04F79EFBC}") = "practice6(user_input_radio_button)", "practice6(user_input_radio_button)\practice6(user_input_radio_button).csproj", "{AF36828C-156B-4A86-B40B-5FD2B2FA4BB5}"
EndProject
Project("{FAE04EC0-301F-11D3-BF4B-00C04F79EFBC}") = "practice7(switch)", "practice7(switch)\practice7(switch).csproj", "{EAF5EEC2-6565-407E-8C1C-4CEF0AE0AB2C}"
EndProject
Project("{FAE04EC0-301F-11D3-BF4B-00C04F79EFBC}") = "practice8(for)", "practice8(for)\practice8(for).csproj", "{9C4F3C12-F668-4A70-BE92-9C3AE72FEB57}"
EndProject
Global
	GlobalSection(SolutionConfigurationPlatforms) = preSolution
		Debug|Any CPU = Debug|Any CPU
		Release|Any CPU = Release|Any CPU
	EndGlobalSection
	GlobalSection(ProjectConfigurationPlatforms) = postSolution
		{6512BF4C-087A-47B1-B1C0-A5589E44662D}.Debug|Any CPU.ActiveCfg = Debug|Any CPU
		{6512BF4C-087A-47B1-B1C0-A5589E44662D}.Debug|Any CPU.Build.0 = Debug|Any CPU
		{6512BF4C-087A-47B1-B1C0-A5589E44662D}.Release|Any CPU.ActiveCfg = Release|Any CPU
		{6512BF4C-087A-47B1-B1C0-A5589E44662D}.Release|Any CPU.Build.0 = Release|Any CPU
		{52960BFB-885E-4E1C-A9FE-74DB6E48DBC1}.Debug|Any CPU.ActiveCfg = Debug|Any CPU
		{52960BFB-885E-4E1C-A9FE-74DB6E48DBC1}.Debug|Any CPU.Build.0 = Debug|Any CPU
		{52960BFB-885E-4E1C-A9FE-74DB6E48DBC1}.Release|Any CPU.ActiveCfg = Release|Any CPU
		{52960BFB-885E-4E1C-A9FE-74DB6E48DBC1}.Release|Any CPU.Build.0 = Release|Any CPU
		{A08FB6BE-E162-4DBD-808D-6B7182EF8638}.Debug|Any CPU.ActiveCfg = Debug|Any CPU
		{A08FB6BE-E162-4DBD-808D-6B7182EF8638}.Debug|Any CPU.Build.0 = Debug|Any CPU
		{A08FB6BE-E162-4DBD-808D-6B7182EF8638}.Release|Any CPU.ActiveCfg = Release|Any CPU
		{A08FB6BE-E162-4DBD-808D-6B7182EF8638}.Release|Any CPU.Build.0 = Release|Any CPU
		{0BA8898C-B3FF-45FF-BDE4-688850591342}.Debug|Any CPU.ActiveCfg = Debug|Any CPU
		{0BA8898C-B3FF-45FF-BDE4-688850591342}.Debug|Any CPU.Build.0 = Debug|Any CPU
		{0BA8898C-B3FF-45FF-BDE4-688850591342}.Release|Any CPU.ActiveCfg = Release|Any CPU
		{0BA8898C-B3FF-45FF-BDE4-688850591342}.Release|Any CPU.Build.0 = Release|Any CPU
		{F7B852EC-42D0-42FC-B26A-3634C509746C}.Debug|Any CPU.ActiveCfg = Debug|Any CPU
		{F7B852EC-42D0-42FC-B26A-3634C509746C}.Debug|Any CPU.Build.0 = Debug|Any CPU
		{F7B852EC-42D0-42FC-B26A-3634C509746C}.Release|Any CPU.ActiveCfg = Release|Any CPU
		{F7B852EC-42D0-42FC-B26A-3634C509746C}.Release|Any CPU.Build.0 = Release|Any CPU
		{C064343D-8BFA-43C8-A671-9F56DBE4511E}.Debug|Any CPU.ActiveCfg = Debug|Any CPU
		{C064343D-8BFA-43C8-A671-9F56DBE4511E}.Debug|Any CPU.Build.0 = Debug|Any CPU
		{C064343D-8BFA-43C8-A671-9F56DBE4511E}.Release|Any CPU.ActiveCfg = Release|Any CPU
		{C064343D-8BFA-43C8-A671-9F56DBE4511E}.Release|Any CPU.Build.0 = Release|Any CPU
		{AF36828C-156B-4A86-B40B-5FD2B2FA4BB5}.Debug|Any CPU.ActiveCfg = Debug|Any CPU
		{AF36828C-156B-4A86-B40B-5FD2B2FA4BB5}.Debug|Any CPU.Build.0 = Debug|Any CPU
		{AF36828C-156B-4A86-B40B-5FD2B2FA4BB5}.Release|Any CPU.ActiveCfg = Release|Any CPU
		{AF36828C-156B-4A86-B40B-5FD2B2FA4BB5}.Release|Any CPU.Build.0 = Release|Any CPU
		{EAF5EEC2-6565-407E-8C1C-4CEF0AE0AB2C}.Debug|Any CPU.ActiveCfg = Debug|Any CPU
		{EAF5EEC2-6565-407E-8C1C-4CEF0AE0AB2C}.Debug|Any CPU.Build.0 = Debug|Any CPU
		{EAF5EEC2-6565-407E-8C1C-4CEF0AE0AB2C}.Release|Any CPU.ActiveCfg = Release|Any CPU
		{EAF5EEC2-6565-407E-8C1C-4CEF0AE0AB2C}.Release|Any CPU.Build.0 = Release|Any CPU
		{9C4F3C12-F668-4A70-BE92-9C3AE72FEB57}.Debug|Any CPU.ActiveCfg = Debug|Any CPU
		{9C4F3C12-F668-4A70-BE92-9C3AE72FEB57}.Debug|Any CPU.Build.0 = Debug|Any CPU
		{9C4F3C12-F668-4A70-BE92-9C3AE72FEB57}.Release|Any CPU.ActiveCfg = Release|Any CPU
		{9C4F3C12-F668-4A70-BE92-9C3AE72FEB57}.Release|Any CPU.Build.0 = Release|Any CPU
	EndGlobalSection
	GlobalSection(SolutionProperties) = preSolution
		HideSolutionNode = FALSE
	EndGlobalSection
EndGlobal
