
Microsoft Visual Studio Solution File, Format Version 12.00
# Visual Studio Version 17
VisualStudioVersion = 17.12.35527.113
MinimumVisualStudioVersion = 10.0.40219.1
Project("{FAE04EC0-301F-11D3-BF4B-00C04F79EFBC}") = "practice", "practice\practice.csproj", "{6512BF4C-087A-47B1-B1C0-A5589E44662D}"
EndProject
Project("{FAE04EC0-301F-11D3-BF4B-00C04F79EFBC}") = "practice2(string_and_array)", "practice2(string_and_array)\practice2(string_and_array).csproj", "{52960BFB-885E-4E1C-A9FE-74DB6E48DBC1}"
EndProject
Project("{FAE04EC0-301F-11D3-BF4B-00C04F79EFBC}") = "practice3(string)", "practice3(string)\practice3(string).csproj", "{A08FB6BE-E162-4DBD-808D-6B7182EF8638}"
EndProject
Global
	GlobalSection(SolutionConfigurationPlatforms) = preSolution
		Debug|Any CPU = Debug|Any CPU
		Release|Any CPU = Release|Any CPU
	EndGlobalSection
	GlobalSection(ProjectConfigurationPlatforms) = postSolution
		{6512BF4C-087A-47B1-B1C0-A5589E44662D}.Debug|Any CPU.ActiveCfg = Debug|Any CPU
		{6512BF4C-087A-47B1-B1C0-A5589E44662D}.Debug|Any CPU.Build.0 = Debug|Any CPU
		{6512BF4C-087A-47B1-B1C0-A5589E44662D}.Release|Any CPU.ActiveCfg = Release|Any CPU
		{6512BF4C-087A-47B1-B1C0-A5589E44662D}.Release|Any CPU.Build.0 = Release|Any CPU
		{52960BFB-885E-4E1C-A9FE-74DB6E48DBC1}.Debug|Any CPU.ActiveCfg = Debug|Any CPU
		{52960BFB-885E-4E1C-A9FE-74DB6E48DBC1}.Debug|Any CPU.Build.0 = Debug|Any CPU
		{52960BFB-885E-4E1C-A9FE-74DB6E48DBC1}.Release|Any CPU.ActiveCfg = Release|Any CPU
		{52960BFB-885E-4E1C-A9FE-74DB6E48DBC1}.Release|Any CPU.Build.0 = Release|Any CPU
		{A08FB6BE-E162-4DBD-808D-6B7182EF8638}.Debug|Any CPU.ActiveCfg = Debug|Any CPU
		{A08FB6BE-E162-4DBD-808D-6B7182EF8638}.Debug|Any CPU.Build.0 = Debug|Any CPU
		{A08FB6BE-E162-4DBD-808D-6B7182EF8638}.Release|Any CPU.ActiveCfg = Release|Any CPU
		{A08FB6BE-E162-4DBD-808D-6B7182EF8638}.Release|Any CPU.Build.0 = Release|Any CPU
	EndGlobalSection
	GlobalSection(SolutionProperties) = preSolution
		HideSolutionNode = FALSE
	EndGlobalSection
EndGlobal
